<?xml version="1.0" encoding="utf-8"?>
<Project ToolsVersion="4.0" xmlns="http://schemas.microsoft.com/developer/msbuild/2003">
  <ItemGroup>
    <Filter Include="源文件">
      <UniqueIdentifier>{4FC737F1-C7A5-4376-A066-2A32D752A2FF}</UniqueIdentifier>
      <Extensions>cpp;c;cc;cxx;def;odl;idl;hpj;bat;asm;asmx</Extensions>
    </Filter>
    <Filter Include="头文件">
      <UniqueIdentifier>{93995380-89BD-4b04-88EB-625FBE52EBFB}</UniqueIdentifier>
      <Extensions>h;hh;hpp;hxx;hm;inl;inc;xsd</Extensions>
    </Filter>
    <Filter Include="资源文件">
      <UniqueIdentifier>{67DA6AB6-F800-4c08-8B7A-83BB121AAD01}</UniqueIdentifier>
      <Extensions>rc;ico;cur;bmp;dlg;rc2;rct;bin;rgs;gif;jpg;jpeg;jpe;resx;tiff;tif;png;wav;mfcribbon-ms</Extensions>
    </Filter>
    <Filter Include="Test">
      <UniqueIdentifier>{72880057-1a32-497a-b392-0f6afa29f1cc}</UniqueIdentifier>
    </Filter>
  </ItemGroup>
  <ItemGroup>
    <ClCompile Include="analyzer.cpp">
      <Filter>源文件</Filter>
    </ClCompile>
    <ClCompile Include="array_parser.cpp">
      <Filter>源文件</Filter>
    </ClCompile>
    <ClCompile Include="data.cpp">
      <Filter>源文件</Filter>
    </ClCompile>
    <ClCompile Include="data_stream.cpp">
      <Filter>源文件</Filter>
    </ClCompile>
    <ClCompile Include="element.cpp">
      <Filter>源文件</Filter>
    </ClCompile>
    <ClCompile Include="int_parser.cpp">
      <Filter>源文件</Filter>
    </ClCompile>
    <ClCompile Include="main.cpp">
      <Filter>源文件</Filter>
    </ClCompile>
    <ClCompile Include="parser.cpp">
      <Filter>源文件</Filter>
    </ClCompile>
    <ClCompile Include="pattern.cpp">
      <Filter>源文件</Filter>
    </ClCompile>
    <ClCompile Include="row_data.cpp">
      <Filter>源文件</Filter>
    </ClCompile>
    <ClCompile Include="utility.cpp">
      <Filter>源文件</Filter>
    </ClCompile>
    <ClCompile Include="user_data_parser.cpp">
      <Filter>源文件</Filter>
    </ClCompile>
    <ClCompile Include="test_analyzer.h">
      <Filter>Test</Filter>
    </ClCompile>
    <ClCompile Include="test_array_parser.h">
      <Filter>Test</Filter>
    </ClCompile>
    <ClCompile Include="test_utility.h">
      <Filter>Test</Filter>
    </ClCompile>
    <ClCompile Include="uint32_parser.cpp">
      <Filter>源文件</Filter>
    </ClCompile>
    <ClCompile Include="uint64_parser.cpp">
      <Filter>源文件</Filter>
    </ClCompile>
    <ClCompile Include="string_parser.cpp">
      <Filter>源文件</Filter>
    </ClCompile>
    <ClCompile Include="float_parser.cpp">
      <Filter>源文件</Filter>
    </ClCompile>
  </ItemGroup>
  <ItemGroup>
    <ClInclude Include="analyzer.h">
      <Filter>头文件</Filter>
    </ClInclude>
    <ClInclude Include="array_element.h">
      <Filter>头文件</Filter>
    </ClInclude>
    <ClInclude Include="array_parser.h">
      <Filter>头文件</Filter>
    </ClInclude>
    <ClInclude Include="data.h">
      <Filter>头文件</Filter>
    </ClInclude>
    <ClInclude Include="data_stream.h">
      <Filter>头文件</Filter>
    </ClInclude>
    <ClInclude Include="element.h">
      <Filter>头文件</Filter>
    </ClInclude>
    <ClInclude Include="int_data.h">
      <Filter>头文件</Filter>
    </ClInclude>
    <ClInclude Include="int_element.h">
      <Filter>头文件</Filter>
    </ClInclude>
    <ClInclude Include="int_parser.h">
      <Filter>头文件</Filter>
    </ClInclude>
    <ClInclude Include="parser.h">
      <Filter>头文件</Filter>
    </ClInclude>
    <ClInclude Include="pattern.h">
      <Filter>头文件</Filter>
    </ClInclude>
    <ClInclude Include="row_data.h">
      <Filter>头文件</Filter>
    </ClInclude>
    <ClInclude Include="shared_ptr.h">
      <Filter>头文件</Filter>
    </ClInclude>
    <ClInclude Include="utility.h">
      <Filter>头文件</Filter>
    </ClInclude>
    <ClInclude Include="user_data_parser.h">
      <Filter>头文件</Filter>
    </ClInclude>
    <ClInclude Include="user_data_element.h">
      <Filter>头文件</Filter>
    </ClInclude>
    <ClInclude Include="test_user_data_parser.h">
      <Filter>Test</Filter>
    </ClInclude>
    <ClInclude Include="uint32_parser.h">
      <Filter>头文件</Filter>
    </ClInclude>
    <ClInclude Include="uint32_element.h">
      <Filter>头文件</Filter>
    </ClInclude>
    <ClInclude Include="string_element.h">
      <Filter>头文件</Filter>
    </ClInclude>
    <ClInclude Include="string_parser.h">
      <Filter>头文件</Filter>
    </ClInclude>
    <ClInclude Include="uint64_parser.h">
      <Filter>头文件</Filter>
    </ClInclude>
    <ClInclude Include="test_string_parser.h">
      <Filter>Test</Filter>
    </ClInclude>
    <ClInclude Include="uint64_element.h">
      <Filter>头文件</Filter>
    </ClInclude>
    <ClInclude Include="float_element.h">
      <Filter>头文件</Filter>
    </ClInclude>
    <ClInclude Include="float_parser.h">
      <Filter>头文件</Filter>
    </ClInclude>
    <ClInclude Include="test_float_parser.h">
      <Filter>Test</Filter>
    </ClInclude>
  </ItemGroup>
  <ItemGroup>
    <Text Include="test_data_stream.txt">
      <Filter>资源文件</Filter>
    </Text>
    <Text Include="test_array.txt">
      <Filter>资源文件</Filter>
    </Text>
    <Text Include="test_int_parser.h">
      <Filter>Test</Filter>
    </Text>
    <Text Include="test_22.txt">
      <Filter>资源文件</Filter>
    </Text>
    <Text Include="test_int_point.txt">
      <Filter>资源文件</Filter>
    </Text>
    <Text Include="test_float_array_int.txt">
      <Filter>资源文件</Filter>
    </Text>
  </ItemGroup>
</Project>